
Microsoft Visual Studio Solution File, Format Version 12.00
# Visual Studio Version 17
VisualStudioVersion = 17.0.31903.59
MinimumVisualStudioVersion = 10.0.40219.1
Project("{FAE04EC0-301F-11D3-BF4B-00C04F79EFBC}") = "Trial-1", "Trial-1\Trial-1.csproj", "{1007A23F-4848-4061-8933-30340F67C803}"
EndProject
Global
	GlobalSection(SolutionConfigurationPlatforms) = preSolution
		Debug|Any CPU = Debug|Any CPU
		Release|Any CPU = Release|Any CPU
	EndGlobalSection
	GlobalSection(ProjectConfigurationPlatforms) = postSolution
		{1007A23F-4848-4061-8933-30340F67C803}.Debug|Any CPU.ActiveCfg = Debug|Any CPU
		{1007A23F-4848-4061-8933-30340F67C803}.Debug|Any CPU.Build.0 = Debug|Any CPU
		{1007A23F-4848-4061-8933-30340F67C803}.Release|Any CPU.ActiveCfg = Release|Any CPU
		{1007A23F-4848-4061-8933-30340F67C803}.Release|Any CPU.Build.0 = Release|Any CPU
	EndGlobalSection
	GlobalSection(SolutionProperties) = preSolution
		HideSolutionNode = FALSE
	EndGlobalSection
	GlobalSection(ExtensibilityGlobals) = postSolution
		SolutionGuid = {FAF48FB1-4F8C-413A-A3B3-3E2046A663CA}
	EndGlobalSection
EndGlobal
